
Microsoft Visual Studio Solution File, Format Version 12.00
# Visual Studio 2015
Project("{FAE04EC0-301F-11D3-BF4B-00C04F79EFBC}") = "Hero-3D.CSharp", "Hero-3D.CSharp.csproj", "{EF836B98-538D-B968-1C25-7F3AEFE9FC59}"
EndProject
Project("{FAE04EC0-301F-11D3-BF4B-00C04F79EFBC}") = "Hero-3D.CSharp.Editor", "Hero-3D.CSharp.Editor.csproj", "{A6608DD8-2A47-81FF-507C-1B286A56F6CC}"
EndProject
Global
	GlobalSection(SolutionConfigurationPlatforms) = preSolution
		Debug|Any CPU = Debug|Any CPU
		Release|Any CPU = Release|Any CPU
	EndGlobalSection
	GlobalSection(ProjectConfigurationPlatforms) = postSolution
		{EF836B98-538D-B968-1C25-7F3AEFE9FC59}.Debug|Any CPU.ActiveCfg = Debug|Any CPU
		{EF836B98-538D-B968-1C25-7F3AEFE9FC59}.Debug|Any CPU.Build.0 = Debug|Any CPU
		{EF836B98-538D-B968-1C25-7F3AEFE9FC59}.Release|Any CPU.ActiveCfg = Release|Any CPU
		{EF836B98-538D-B968-1C25-7F3AEFE9FC59}.Release|Any CPU.Build.0 = Release|Any CPU
		{A6608DD8-2A47-81FF-507C-1B286A56F6CC}.Debug|Any CPU.ActiveCfg = Debug|Any CPU
		{A6608DD8-2A47-81FF-507C-1B286A56F6CC}.Debug|Any CPU.Build.0 = Debug|Any CPU
		{A6608DD8-2A47-81FF-507C-1B286A56F6CC}.Release|Any CPU.ActiveCfg = Release|Any CPU
		{A6608DD8-2A47-81FF-507C-1B286A56F6CC}.Release|Any CPU.Build.0 = Release|Any CPU
	EndGlobalSection
	GlobalSection(SolutionProperties) = preSolution
		HideSolutionNode = FALSE
	EndGlobalSection
EndGlobal
