Microsoft Visual Studio Solution File, Format Version 11.00
# Visual Studio 2008

Project("{7564823C-487D-EF44-91B2-BEA6780848CA}") = "Hero-3D", "Assembly-CSharp.csproj", "{3EB9825E-075D-BB81-D723-5E019316385B}"
EndProject
Project("{7564823C-487D-EF44-91B2-BEA6780848CA}") = "Hero-3D", "Assembly-CSharp-Editor.csproj", "{07B20090-653B-CBD4-CC7C-FC01C7BF8928}"
EndProject
Global
	GlobalSection(SolutionConfigurationPlatforms) = preSolution
		Debug|Any CPU = Debug|Any CPU
		Release|Any CPU = Release|Any CPU
	EndGlobalSection
	GlobalSection(ProjectConfigurationPlatforms) = postSolution
		{3EB9825E-075D-BB81-D723-5E019316385B}.Debug|Any CPU.ActiveCfg = Debug|Any CPU
		{3EB9825E-075D-BB81-D723-5E019316385B}.Debug|Any CPU.Build.0 = Debug|Any CPU
		{3EB9825E-075D-BB81-D723-5E019316385B}.Release|Any CPU.ActiveCfg = Release|Any CPU
		{3EB9825E-075D-BB81-D723-5E019316385B}.Release|Any CPU.Build.0 = Release|Any CPU
		{07B20090-653B-CBD4-CC7C-FC01C7BF8928}.Debug|Any CPU.ActiveCfg = Debug|Any CPU
		{07B20090-653B-CBD4-CC7C-FC01C7BF8928}.Debug|Any CPU.Build.0 = Debug|Any CPU
		{07B20090-653B-CBD4-CC7C-FC01C7BF8928}.Release|Any CPU.ActiveCfg = Release|Any CPU
		{07B20090-653B-CBD4-CC7C-FC01C7BF8928}.Release|Any CPU.Build.0 = Release|Any CPU
	EndGlobalSection
	GlobalSection(SolutionProperties) = preSolution
		HideSolutionNode = FALSE
	EndGlobalSection
	GlobalSection(MonoDevelopProperties) = preSolution
		StartupItem = Assembly-CSharp.csproj
	EndGlobalSection
EndGlobal
